
Microsoft Visual Studio Solution File, Format Version 12.00
# Visual Studio Version 16
VisualStudioVersion = 16.0.31025.194
MinimumVisualStudioVersion = 10.0.40219.1
Project("{FAE04EC0-301F-11D3-BF4B-00C04F79EFBC}") = "Snake", "Snake\Snake.csproj", "{8B93142C-DCB5-48A1-9F32-0C08A5C198DA}"
EndProject
Global
	GlobalSection(SolutionConfigurationPlatforms) = preSolution
		Debug|Any CPU = Debug|Any CPU
		Release|Any CPU = Release|Any CPU
	EndGlobalSection
	GlobalSection(ProjectConfigurationPlatforms) = postSolution
		{8B93142C-DCB5-48A1-9F32-0C08A5C198DA}.Debug|Any CPU.ActiveCfg = Debug|Any CPU
		{8B93142C-DCB5-48A1-9F32-0C08A5C198DA}.Debug|Any CPU.Build.0 = Debug|Any CPU
		{8B93142C-DCB5-48A1-9F32-0C08A5C198DA}.Release|Any CPU.ActiveCfg = Release|Any CPU
		{8B93142C-DCB5-48A1-9F32-0C08A5C198DA}.Release|Any CPU.Build.0 = Release|Any CPU
	EndGlobalSection
	GlobalSection(SolutionProperties) = preSolution
		HideSolutionNode = FALSE
	EndGlobalSection
	GlobalSection(ExtensibilityGlobals) = postSolution
		SolutionGuid = {04F1FDCC-1C1B-40C2-BC77-E028F1CC6DEA}
	EndGlobalSection
EndGlobal
